
Microsoft Visual Studio Solution File, Format Version 12.00
# Visual Studio Version 17
VisualStudioVersion = 17.11.35327.3
MinimumVisualStudioVersion = 10.0.40219.1
Project("{FAE04EC0-301F-11D3-BF4B-00C04F79EFBC}") = "ContactPageProject", "ContactPageProject\ContactPageProject.csproj", "{451CB263-817B-4800-B13A-7A39BA3A33F3}"
EndProject
Global
	GlobalSection(SolutionConfigurationPlatforms) = preSolution
		Debug|Any CPU = Debug|Any CPU
		Release|Any CPU = Release|Any CPU
	EndGlobalSection
	GlobalSection(ProjectConfigurationPlatforms) = postSolution
		{451CB263-817B-4800-B13A-7A39BA3A33F3}.Debug|Any CPU.ActiveCfg = Debug|Any CPU
		{451CB263-817B-4800-B13A-7A39BA3A33F3}.Debug|Any CPU.Build.0 = Debug|Any CPU
		{451CB263-817B-4800-B13A-7A39BA3A33F3}.Release|Any CPU.ActiveCfg = Release|Any CPU
		{451CB263-817B-4800-B13A-7A39BA3A33F3}.Release|Any CPU.Build.0 = Release|Any CPU
	EndGlobalSection
	GlobalSection(SolutionProperties) = preSolution
		HideSolutionNode = FALSE
	EndGlobalSection
	GlobalSection(ExtensibilityGlobals) = postSolution
		SolutionGuid = {42B6A0B4-D5EC-4DAB-B47B-047B42ABA898}
	EndGlobalSection
EndGlobal
